
Microsoft Visual Studio Solution File, Format Version 12.00
# Visual Studio Version 17
VisualStudioVersion = 17.14.36414.22 d17.14
MinimumVisualStudioVersion = 10.0.40219.1
Project("{FAE04EC0-301F-11D3-BF4B-00C04F79EFBC}") = "OFIC", "OFIC\OFIC.csproj", "{DED99442-A520-4FE0-B91E-8B538715228B}"
EndProject
Global
	GlobalSection(SolutionConfigurationPlatforms) = preSolution
		Debug|Any CPU = Debug|Any CPU
		Release|Any CPU = Release|Any CPU
	EndGlobalSection
	GlobalSection(ProjectConfigurationPlatforms) = postSolution
		{DED99442-A520-4FE0-B91E-8B538715228B}.Debug|Any CPU.ActiveCfg = Debug|Any CPU
		{DED99442-A520-4FE0-B91E-8B538715228B}.Debug|Any CPU.Build.0 = Debug|Any CPU
		{DED99442-A520-4FE0-B91E-8B538715228B}.Release|Any CPU.ActiveCfg = Release|Any CPU
		{DED99442-A520-4FE0-B91E-8B538715228B}.Release|Any CPU.Build.0 = Release|Any CPU
	EndGlobalSection
	GlobalSection(SolutionProperties) = preSolution
		HideSolutionNode = FALSE
	EndGlobalSection
	GlobalSection(ExtensibilityGlobals) = postSolution
		SolutionGuid = {B4392676-F618-4325-826D-1F958C9378E1}
	EndGlobalSection
EndGlobal
